{
  "name": "authprobe-site",
  "version": "1.0.0",
  "lockfileVersion": 3,
  "requires": true,
  "packages": {
    "": {
      "name": "authprobe-site",
      "version": "1.0.0",
      "dependencies": {
        "@filipecarneiro/hugo-bootstrap-theme": "1.0.8"
      }
    },
    "node_modules/@filipecarneiro/hugo-bootstrap-theme": {
      "version": "1.0.8"
    }
  },
  "dependencies": {
    "@filipecarneiro/hugo-bootstrap-theme": {
      "version": "1.0.8"
    }
  }
}
